
Microsoft Visual Studio Solution File, Format Version 12.00
# Visual Studio Version 17
VisualStudioVersion = 17.1.32228.430
MinimumVisualStudioVersion = 10.0.40219.1
Project("{FAE04EC0-301F-11D3-BF4B-00C04F79EFBC}") = "CustomEx2", "CustomEx2\CustomEx2.csproj", "{404F4911-8BA0-4274-8696-4EDF65F7EDA8}"
EndProject
Global
	GlobalSection(SolutionConfigurationPlatforms) = preSolution
		Debug|Any CPU = Debug|Any CPU
		Release|Any CPU = Release|Any CPU
	EndGlobalSection
	GlobalSection(ProjectConfigurationPlatforms) = postSolution
		{404F4911-8BA0-4274-8696-4EDF65F7EDA8}.Debug|Any CPU.ActiveCfg = Debug|Any CPU
		{404F4911-8BA0-4274-8696-4EDF65F7EDA8}.Debug|Any CPU.Build.0 = Debug|Any CPU
		{404F4911-8BA0-4274-8696-4EDF65F7EDA8}.Release|Any CPU.ActiveCfg = Release|Any CPU
		{404F4911-8BA0-4274-8696-4EDF65F7EDA8}.Release|Any CPU.Build.0 = Release|Any CPU
	EndGlobalSection
	GlobalSection(SolutionProperties) = preSolution
		HideSolutionNode = FALSE
	EndGlobalSection
	GlobalSection(ExtensibilityGlobals) = postSolution
		SolutionGuid = {CA784A1A-A7ED-4C96-A4C3-A4D5A3882045}
	EndGlobalSection
EndGlobal
