
Microsoft Visual Studio Solution File, Format Version 12.00
# Visual Studio Version 17
VisualStudioVersion = 17.1.32228.430
MinimumVisualStudioVersion = 10.0.40219.1
Project("{FAE04EC0-301F-11D3-BF4B-00C04F79EFBC}") = "CustomEx1", "CustomEx1\CustomEx1.csproj", "{888F6E6C-1155-4F06-BD00-3093070FB674}"
EndProject
Global
	GlobalSection(SolutionConfigurationPlatforms) = preSolution
		Debug|Any CPU = Debug|Any CPU
		Release|Any CPU = Release|Any CPU
	EndGlobalSection
	GlobalSection(ProjectConfigurationPlatforms) = postSolution
		{888F6E6C-1155-4F06-BD00-3093070FB674}.Debug|Any CPU.ActiveCfg = Debug|Any CPU
		{888F6E6C-1155-4F06-BD00-3093070FB674}.Debug|Any CPU.Build.0 = Debug|Any CPU
		{888F6E6C-1155-4F06-BD00-3093070FB674}.Release|Any CPU.ActiveCfg = Release|Any CPU
		{888F6E6C-1155-4F06-BD00-3093070FB674}.Release|Any CPU.Build.0 = Release|Any CPU
	EndGlobalSection
	GlobalSection(SolutionProperties) = preSolution
		HideSolutionNode = FALSE
	EndGlobalSection
	GlobalSection(ExtensibilityGlobals) = postSolution
		SolutionGuid = {865253BC-6150-443E-AA3F-A27DA6F7C05B}
	EndGlobalSection
EndGlobal
