
Microsoft Visual Studio Solution File, Format Version 12.00
# Visual Studio Version 17
VisualStudioVersion = 17.1.32228.430
MinimumVisualStudioVersion = 10.0.40219.1
Project("{FAE04EC0-301F-11D3-BF4B-00C04F79EFBC}") = "SealNew", "SealNew\SealNew.csproj", "{2199903C-BB13-4D73-B932-CE86A27DEC9F}"
EndProject
Global
	GlobalSection(SolutionConfigurationPlatforms) = preSolution
		Debug|Any CPU = Debug|Any CPU
		Release|Any CPU = Release|Any CPU
	EndGlobalSection
	GlobalSection(ProjectConfigurationPlatforms) = postSolution
		{2199903C-BB13-4D73-B932-CE86A27DEC9F}.Debug|Any CPU.ActiveCfg = Debug|Any CPU
		{2199903C-BB13-4D73-B932-CE86A27DEC9F}.Debug|Any CPU.Build.0 = Debug|Any CPU
		{2199903C-BB13-4D73-B932-CE86A27DEC9F}.Release|Any CPU.ActiveCfg = Release|Any CPU
		{2199903C-BB13-4D73-B932-CE86A27DEC9F}.Release|Any CPU.Build.0 = Release|Any CPU
	EndGlobalSection
	GlobalSection(SolutionProperties) = preSolution
		HideSolutionNode = FALSE
	EndGlobalSection
	GlobalSection(ExtensibilityGlobals) = postSolution
		SolutionGuid = {B04418CF-A55B-4CB9-9C3F-D02DF3C8FE66}
	EndGlobalSection
EndGlobal
