
Microsoft Visual Studio Solution File, Format Version 12.00
# Visual Studio Version 17
VisualStudioVersion = 17.1.32228.430
MinimumVisualStudioVersion = 10.0.40219.1
Project("{FAE04EC0-301F-11D3-BF4B-00C04F79EFBC}") = "DelegateExample1", "DelegateExample1\DelegateExample1.csproj", "{C1FFA604-052A-4AEB-89F3-7A672CC22B83}"
EndProject
Global
	GlobalSection(SolutionConfigurationPlatforms) = preSolution
		Debug|Any CPU = Debug|Any CPU
		Release|Any CPU = Release|Any CPU
	EndGlobalSection
	GlobalSection(ProjectConfigurationPlatforms) = postSolution
		{C1FFA604-052A-4AEB-89F3-7A672CC22B83}.Debug|Any CPU.ActiveCfg = Debug|Any CPU
		{C1FFA604-052A-4AEB-89F3-7A672CC22B83}.Debug|Any CPU.Build.0 = Debug|Any CPU
		{C1FFA604-052A-4AEB-89F3-7A672CC22B83}.Release|Any CPU.ActiveCfg = Release|Any CPU
		{C1FFA604-052A-4AEB-89F3-7A672CC22B83}.Release|Any CPU.Build.0 = Release|Any CPU
	EndGlobalSection
	GlobalSection(SolutionProperties) = preSolution
		HideSolutionNode = FALSE
	EndGlobalSection
	GlobalSection(ExtensibilityGlobals) = postSolution
		SolutionGuid = {0F3B2D2A-92D8-43CB-B818-90AE206E5293}
	EndGlobalSection
EndGlobal
