
Microsoft Visual Studio Solution File, Format Version 12.00
# Visual Studio Version 17
VisualStudioVersion = 17.1.32228.430
MinimumVisualStudioVersion = 10.0.40219.1
Project("{FAE04EC0-301F-11D3-BF4B-00C04F79EFBC}") = "ExDemo1", "ExDemo1\ExDemo1.csproj", "{B66739FE-D8AC-4DAD-94EB-0DF52CB60A2E}"
EndProject
Global
	GlobalSection(SolutionConfigurationPlatforms) = preSolution
		Debug|Any CPU = Debug|Any CPU
		Release|Any CPU = Release|Any CPU
	EndGlobalSection
	GlobalSection(ProjectConfigurationPlatforms) = postSolution
		{B66739FE-D8AC-4DAD-94EB-0DF52CB60A2E}.Debug|Any CPU.ActiveCfg = Debug|Any CPU
		{B66739FE-D8AC-4DAD-94EB-0DF52CB60A2E}.Debug|Any CPU.Build.0 = Debug|Any CPU
		{B66739FE-D8AC-4DAD-94EB-0DF52CB60A2E}.Release|Any CPU.ActiveCfg = Release|Any CPU
		{B66739FE-D8AC-4DAD-94EB-0DF52CB60A2E}.Release|Any CPU.Build.0 = Release|Any CPU
	EndGlobalSection
	GlobalSection(SolutionProperties) = preSolution
		HideSolutionNode = FALSE
	EndGlobalSection
	GlobalSection(ExtensibilityGlobals) = postSolution
		SolutionGuid = {66C44003-FCB1-4921-9438-4CD5146FEE1B}
	EndGlobalSection
EndGlobal
