
Microsoft Visual Studio Solution File, Format Version 12.00
# Visual Studio Version 17
VisualStudioVersion = 17.1.32228.430
MinimumVisualStudioVersion = 10.0.40219.1
Project("{FAE04EC0-301F-11D3-BF4B-00C04F79EFBC}") = "ChkTest", "ChkTest\ChkTest.csproj", "{86C82872-9FF1-4259-91C2-B8FD83A43DAF}"
EndProject
Global
	GlobalSection(SolutionConfigurationPlatforms) = preSolution
		Debug|Any CPU = Debug|Any CPU
		Release|Any CPU = Release|Any CPU
	EndGlobalSection
	GlobalSection(ProjectConfigurationPlatforms) = postSolution
		{86C82872-9FF1-4259-91C2-B8FD83A43DAF}.Debug|Any CPU.ActiveCfg = Debug|Any CPU
		{86C82872-9FF1-4259-91C2-B8FD83A43DAF}.Debug|Any CPU.Build.0 = Debug|Any CPU
		{86C82872-9FF1-4259-91C2-B8FD83A43DAF}.Release|Any CPU.ActiveCfg = Release|Any CPU
		{86C82872-9FF1-4259-91C2-B8FD83A43DAF}.Release|Any CPU.Build.0 = Release|Any CPU
	EndGlobalSection
	GlobalSection(SolutionProperties) = preSolution
		HideSolutionNode = FALSE
	EndGlobalSection
	GlobalSection(ExtensibilityGlobals) = postSolution
		SolutionGuid = {93B91F8E-2FD5-4E11-A04B-6D2DD5CF57D4}
	EndGlobalSection
EndGlobal
