
Microsoft Visual Studio Solution File, Format Version 12.00
# Visual Studio Version 17
VisualStudioVersion = 17.1.32228.430
MinimumVisualStudioVersion = 10.0.40219.1
Project("{FAE04EC0-301F-11D3-BF4B-00C04F79EFBC}") = "AnonymousExample", "AnonymousExample\AnonymousExample.csproj", "{4406D164-7447-4F1B-906F-17A33EE54493}"
EndProject
Global
	GlobalSection(SolutionConfigurationPlatforms) = preSolution
		Debug|Any CPU = Debug|Any CPU
		Release|Any CPU = Release|Any CPU
	EndGlobalSection
	GlobalSection(ProjectConfigurationPlatforms) = postSolution
		{4406D164-7447-4F1B-906F-17A33EE54493}.Debug|Any CPU.ActiveCfg = Debug|Any CPU
		{4406D164-7447-4F1B-906F-17A33EE54493}.Debug|Any CPU.Build.0 = Debug|Any CPU
		{4406D164-7447-4F1B-906F-17A33EE54493}.Release|Any CPU.ActiveCfg = Release|Any CPU
		{4406D164-7447-4F1B-906F-17A33EE54493}.Release|Any CPU.Build.0 = Release|Any CPU
	EndGlobalSection
	GlobalSection(SolutionProperties) = preSolution
		HideSolutionNode = FALSE
	EndGlobalSection
	GlobalSection(ExtensibilityGlobals) = postSolution
		SolutionGuid = {9625D7EB-C150-4E23-9A81-C8DAD9CDF254}
	EndGlobalSection
EndGlobal
