
Microsoft Visual Studio Solution File, Format Version 12.00
# Visual Studio Version 17
VisualStudioVersion = 17.1.32228.430
MinimumVisualStudioVersion = 10.0.40219.1
Project("{FAE04EC0-301F-11D3-BF4B-00C04F79EFBC}") = "OverloadEx1", "OverloadEx1\OverloadEx1.csproj", "{3097B9E9-4D7E-4055-B6E6-43A30BC406D1}"
EndProject
Global
	GlobalSection(SolutionConfigurationPlatforms) = preSolution
		Debug|Any CPU = Debug|Any CPU
		Release|Any CPU = Release|Any CPU
	EndGlobalSection
	GlobalSection(ProjectConfigurationPlatforms) = postSolution
		{3097B9E9-4D7E-4055-B6E6-43A30BC406D1}.Debug|Any CPU.ActiveCfg = Debug|Any CPU
		{3097B9E9-4D7E-4055-B6E6-43A30BC406D1}.Debug|Any CPU.Build.0 = Debug|Any CPU
		{3097B9E9-4D7E-4055-B6E6-43A30BC406D1}.Release|Any CPU.ActiveCfg = Release|Any CPU
		{3097B9E9-4D7E-4055-B6E6-43A30BC406D1}.Release|Any CPU.Build.0 = Release|Any CPU
	EndGlobalSection
	GlobalSection(SolutionProperties) = preSolution
		HideSolutionNode = FALSE
	EndGlobalSection
	GlobalSection(ExtensibilityGlobals) = postSolution
		SolutionGuid = {F612CC5B-9171-46CE-BDEB-449CCB2356BC}
	EndGlobalSection
EndGlobal
