
Microsoft Visual Studio Solution File, Format Version 12.00
# Visual Studio Version 17
VisualStudioVersion = 17.1.32228.430
MinimumVisualStudioVersion = 10.0.40219.1
Project("{FAE04EC0-301F-11D3-BF4B-00C04F79EFBC}") = "OverloadEx2", "OverloadEx2\OverloadEx2.csproj", "{BFA4E4A1-083F-42FD-91F1-24CC8AFBF986}"
EndProject
Global
	GlobalSection(SolutionConfigurationPlatforms) = preSolution
		Debug|Any CPU = Debug|Any CPU
		Release|Any CPU = Release|Any CPU
	EndGlobalSection
	GlobalSection(ProjectConfigurationPlatforms) = postSolution
		{BFA4E4A1-083F-42FD-91F1-24CC8AFBF986}.Debug|Any CPU.ActiveCfg = Debug|Any CPU
		{BFA4E4A1-083F-42FD-91F1-24CC8AFBF986}.Debug|Any CPU.Build.0 = Debug|Any CPU
		{BFA4E4A1-083F-42FD-91F1-24CC8AFBF986}.Release|Any CPU.ActiveCfg = Release|Any CPU
		{BFA4E4A1-083F-42FD-91F1-24CC8AFBF986}.Release|Any CPU.Build.0 = Release|Any CPU
	EndGlobalSection
	GlobalSection(SolutionProperties) = preSolution
		HideSolutionNode = FALSE
	EndGlobalSection
	GlobalSection(ExtensibilityGlobals) = postSolution
		SolutionGuid = {DA25DC72-B7B2-4314-B1EF-13B506D1C145}
	EndGlobalSection
EndGlobal
