
Microsoft Visual Studio Solution File, Format Version 12.00
# Visual Studio Version 17
VisualStudioVersion = 17.1.32228.430
MinimumVisualStudioVersion = 10.0.40219.1
Project("{FAE04EC0-301F-11D3-BF4B-00C04F79EFBC}") = "clsCalculation", "clsCalculation\clsCalculation.csproj", "{A686E6FC-0CC1-42BF-A3F4-638573EFC3AB}"
EndProject
Project("{FAE04EC0-301F-11D3-BF4B-00C04F79EFBC}") = "CalcMain", "..\CalcMain\CalcMain.csproj", "{01719469-784F-4CBE-BA05-CA376202ADD5}"
EndProject
Global
	GlobalSection(SolutionConfigurationPlatforms) = preSolution
		Debug|Any CPU = Debug|Any CPU
		Release|Any CPU = Release|Any CPU
	EndGlobalSection
	GlobalSection(ProjectConfigurationPlatforms) = postSolution
		{A686E6FC-0CC1-42BF-A3F4-638573EFC3AB}.Debug|Any CPU.ActiveCfg = Debug|Any CPU
		{A686E6FC-0CC1-42BF-A3F4-638573EFC3AB}.Debug|Any CPU.Build.0 = Debug|Any CPU
		{A686E6FC-0CC1-42BF-A3F4-638573EFC3AB}.Release|Any CPU.ActiveCfg = Release|Any CPU
		{A686E6FC-0CC1-42BF-A3F4-638573EFC3AB}.Release|Any CPU.Build.0 = Release|Any CPU
		{01719469-784F-4CBE-BA05-CA376202ADD5}.Debug|Any CPU.ActiveCfg = Debug|Any CPU
		{01719469-784F-4CBE-BA05-CA376202ADD5}.Debug|Any CPU.Build.0 = Debug|Any CPU
		{01719469-784F-4CBE-BA05-CA376202ADD5}.Release|Any CPU.ActiveCfg = Release|Any CPU
		{01719469-784F-4CBE-BA05-CA376202ADD5}.Release|Any CPU.Build.0 = Release|Any CPU
	EndGlobalSection
	GlobalSection(SolutionProperties) = preSolution
		HideSolutionNode = FALSE
	EndGlobalSection
	GlobalSection(ExtensibilityGlobals) = postSolution
		SolutionGuid = {BBE9431D-7DCD-40C5-ADDA-B2CA1B0E08D6}
	EndGlobalSection
EndGlobal
