
Microsoft Visual Studio Solution File, Format Version 12.00
# Visual Studio Version 17
VisualStudioVersion = 17.1.32228.430
MinimumVisualStudioVersion = 10.0.40219.1
Project("{FAE04EC0-301F-11D3-BF4B-00C04F79EFBC}") = "Quiz2", "Quiz2\Quiz2.csproj", "{78A87E86-74EF-4F8D-B402-CFD74F125FF5}"
EndProject
Global
	GlobalSection(SolutionConfigurationPlatforms) = preSolution
		Debug|Any CPU = Debug|Any CPU
		Release|Any CPU = Release|Any CPU
	EndGlobalSection
	GlobalSection(ProjectConfigurationPlatforms) = postSolution
		{78A87E86-74EF-4F8D-B402-CFD74F125FF5}.Debug|Any CPU.ActiveCfg = Debug|Any CPU
		{78A87E86-74EF-4F8D-B402-CFD74F125FF5}.Debug|Any CPU.Build.0 = Debug|Any CPU
		{78A87E86-74EF-4F8D-B402-CFD74F125FF5}.Release|Any CPU.ActiveCfg = Release|Any CPU
		{78A87E86-74EF-4F8D-B402-CFD74F125FF5}.Release|Any CPU.Build.0 = Release|Any CPU
	EndGlobalSection
	GlobalSection(SolutionProperties) = preSolution
		HideSolutionNode = FALSE
	EndGlobalSection
	GlobalSection(ExtensibilityGlobals) = postSolution
		SolutionGuid = {76EF3CAD-849B-46CB-BD92-0CA89AC67F85}
	EndGlobalSection
EndGlobal
