
Microsoft Visual Studio Solution File, Format Version 12.00
# Visual Studio Version 17
VisualStudioVersion = 17.1.32228.430
MinimumVisualStudioVersion = 10.0.40219.1
Project("{FAE04EC0-301F-11D3-BF4B-00C04F79EFBC}") = "InhDemo", "InhDemo\InhDemo.csproj", "{623E2DE9-AA9A-426D-9E58-EE20871B3D58}"
EndProject
Global
	GlobalSection(SolutionConfigurationPlatforms) = preSolution
		Debug|Any CPU = Debug|Any CPU
		Release|Any CPU = Release|Any CPU
	EndGlobalSection
	GlobalSection(ProjectConfigurationPlatforms) = postSolution
		{623E2DE9-AA9A-426D-9E58-EE20871B3D58}.Debug|Any CPU.ActiveCfg = Debug|Any CPU
		{623E2DE9-AA9A-426D-9E58-EE20871B3D58}.Debug|Any CPU.Build.0 = Debug|Any CPU
		{623E2DE9-AA9A-426D-9E58-EE20871B3D58}.Release|Any CPU.ActiveCfg = Release|Any CPU
		{623E2DE9-AA9A-426D-9E58-EE20871B3D58}.Release|Any CPU.Build.0 = Release|Any CPU
	EndGlobalSection
	GlobalSection(SolutionProperties) = preSolution
		HideSolutionNode = FALSE
	EndGlobalSection
	GlobalSection(ExtensibilityGlobals) = postSolution
		SolutionGuid = {8830BB78-E034-4F93-B79E-B66DC1D00B5D}
	EndGlobalSection
EndGlobal
